// !$*UTF8*$!
{
	archiveVersion = 1;
	classes = {
	};
	objectVersion = 50;
	objects = {

/* Begin PBXBuildFile section */
		9B3D7A062264E0B1003F19A7 /* release_day_mobiledoc.json in Resources */ = {isa = PBXBuildFile; fileRef = 9B3D7A052264E0B1003F19A7 /* release_day_mobiledoc.json */; };
		9B411EB721845C630099E245 /* gibberish.json in Resources */ = {isa = PBXBuildFile; fileRef = 9B411EB621845C630099E245 /* gibberish.json */; };
		9B63F51A2174E9B8008863BF /* MobiledocKit.framework in Frameworks */ = {isa = PBXBuildFile; fileRef = 9B63F5102174E9B8008863BF /* MobiledocKit.framework */; };
		9B63F5212174E9B8008863BF /* MobiledocKit.h in Headers */ = {isa = PBXBuildFile; fileRef = 9B63F5132174E9B8008863BF /* MobiledocKit.h */; settings = {ATTRIBUTES = (Public, ); }; };
		9B63F52B2174E9D6008863BF /* MobileDoc.swift in Sources */ = {isa = PBXBuildFile; fileRef = 9B63F52A2174E9D6008863BF /* MobileDoc.swift */; };
		9B80ED8C2258980800C4927A /* terms_of_use.json in Resources */ = {isa = PBXBuildFile; fileRef = 9B80ED8B2258980800C4927A /* terms_of_use.json */; };
		9B870C022174EB71006CB244 /* MobileDocTests.swift in Sources */ = {isa = PBXBuildFile; fileRef = 9B870C012174EB71006CB244 /* MobileDocTests.swift */; };
		9B870C042174EBDE006CB244 /* mobiledoccard.json in Resources */ = {isa = PBXBuildFile; fileRef = 9B870C032174EBDE006CB244 /* mobiledoccard.json */; };
		9B870C082174EBFD006CB244 /* markdowncard.json in Resources */ = {isa = PBXBuildFile; fileRef = 9B870C072174EBFD006CB244 /* markdowncard.json */; };
		9B870C0A2174EF60006CB244 /* MarkdownRenderer.swift in Sources */ = {isa = PBXBuildFile; fileRef = 9B870C092174EF60006CB244 /* MarkdownRenderer.swift */; };
		9B870C142174F1C3006CB244 /* MobiledocKit.h in Headers */ = {isa = PBXBuildFile; fileRef = 9B870C122174F1C3006CB244 /* MobiledocKit.h */; settings = {ATTRIBUTES = (Public, ); }; };
		9B870C182174F1D6006CB244 /* MobileDoc.swift in Sources */ = {isa = PBXBuildFile; fileRef = 9B63F52A2174E9D6008863BF /* MobileDoc.swift */; };
		9B870C192174F1D9006CB244 /* MarkdownRenderer.swift in Sources */ = {isa = PBXBuildFile; fileRef = 9B870C092174EF60006CB244 /* MarkdownRenderer.swift */; };
		9B893A6D218D942E0015735A /* article.md in Resources */ = {isa = PBXBuildFile; fileRef = 9B893A6C218D942E0015735A /* article.md */; };
		9B893A6F218D945B0015735A /* MarkdownRendererTests.swift in Sources */ = {isa = PBXBuildFile; fileRef = 9B893A6E218D945B0015735A /* MarkdownRendererTests.swift */; };
		9B893A71218D9EB40015735A /* article_with_mentions.md in Resources */ = {isa = PBXBuildFile; fileRef = 9B893A70218D9EB40015735A /* article_with_mentions.md */; };
/* End PBXBuildFile section */

/* Begin PBXContainerItemProxy section */
		9B63F51B2174E9B8008863BF /* PBXContainerItemProxy */ = {
			isa = PBXContainerItemProxy;
			containerPortal = 9B63F5072174E9B8008863BF /* Project object */;
			proxyType = 1;
			remoteGlobalIDString = 9B63F50F2174E9B8008863BF;
			remoteInfo = MobiledocKit;
		};
/* End PBXContainerItemProxy section */

/* Begin PBXFileReference section */
		9B3D7A052264E0B1003F19A7 /* release_day_mobiledoc.json */ = {isa = PBXFileReference; lastKnownFileType = text.json; path = release_day_mobiledoc.json; sourceTree = "<group>"; };
		9B411EB621845C630099E245 /* gibberish.json */ = {isa = PBXFileReference; lastKnownFileType = text.json; path = gibberish.json; sourceTree = "<group>"; };
		9B63F5102174E9B8008863BF /* MobiledocKit.framework */ = {isa = PBXFileReference; explicitFileType = wrapper.framework; includeInIndex = 0; path = MobiledocKit.framework; sourceTree = BUILT_PRODUCTS_DIR; };
		9B63F5132174E9B8008863BF /* MobiledocKit.h */ = {isa = PBXFileReference; lastKnownFileType = sourcecode.c.h; path = MobiledocKit.h; sourceTree = "<group>"; };
		9B63F5142174E9B8008863BF /* Info.plist */ = {isa = PBXFileReference; lastKnownFileType = text.plist.xml; path = Info.plist; sourceTree = "<group>"; };
		9B63F5192174E9B8008863BF /* MobiledocKitTests.xctest */ = {isa = PBXFileReference; explicitFileType = wrapper.cfbundle; includeInIndex = 0; path = MobiledocKitTests.xctest; sourceTree = BUILT_PRODUCTS_DIR; };
		9B63F5202174E9B8008863BF /* Info.plist */ = {isa = PBXFileReference; lastKnownFileType = text.plist.xml; path = Info.plist; sourceTree = "<group>"; };
		9B63F52A2174E9D6008863BF /* MobileDoc.swift */ = {isa = PBXFileReference; lastKnownFileType = sourcecode.swift; path = MobileDoc.swift; sourceTree = "<group>"; };
		9B80ED8B2258980800C4927A /* terms_of_use.json */ = {isa = PBXFileReference; lastKnownFileType = text.json; path = terms_of_use.json; sourceTree = "<group>"; };
		9B870C012174EB71006CB244 /* MobileDocTests.swift */ = {isa = PBXFileReference; lastKnownFileType = sourcecode.swift; path = MobileDocTests.swift; sourceTree = "<group>"; };
		9B870C032174EBDE006CB244 /* mobiledoccard.json */ = {isa = PBXFileReference; fileEncoding = 4; lastKnownFileType = text.json; path = mobiledoccard.json; sourceTree = "<group>"; };
		9B870C072174EBFD006CB244 /* markdowncard.json */ = {isa = PBXFileReference; fileEncoding = 4; lastKnownFileType = text.json; path = markdowncard.json; sourceTree = "<group>"; };
		9B870C092174EF60006CB244 /* MarkdownRenderer.swift */ = {isa = PBXFileReference; lastKnownFileType = sourcecode.swift; path = MarkdownRenderer.swift; sourceTree = "<group>"; };
		9B870C102174F1C3006CB244 /* MobiledocKit.framework */ = {isa = PBXFileReference; explicitFileType = wrapper.framework; includeInIndex = 0; path = MobiledocKit.framework; sourceTree = BUILT_PRODUCTS_DIR; };
		9B870C122174F1C3006CB244 /* MobiledocKit.h */ = {isa = PBXFileReference; lastKnownFileType = sourcecode.c.h; path = MobiledocKit.h; sourceTree = "<group>"; };
		9B870C132174F1C3006CB244 /* Info.plist */ = {isa = PBXFileReference; lastKnownFileType = text.plist.xml; path = Info.plist; sourceTree = "<group>"; };
		9B893A6C218D942E0015735A /* article.md */ = {isa = PBXFileReference; lastKnownFileType = net.daringfireball.markdown; path = article.md; sourceTree = "<group>"; };
		9B893A6E218D945B0015735A /* MarkdownRendererTests.swift */ = {isa = PBXFileReference; lastKnownFileType = sourcecode.swift; path = MarkdownRendererTests.swift; sourceTree = "<group>"; };
		9B893A70218D9EB40015735A /* article_with_mentions.md */ = {isa = PBXFileReference; lastKnownFileType = net.daringfireball.markdown; path = article_with_mentions.md; sourceTree = "<group>"; };
/* End PBXFileReference section */

/* Begin PBXFrameworksBuildPhase section */
		9B63F50D2174E9B8008863BF /* Frameworks */ = {
			isa = PBXFrameworksBuildPhase;
			buildActionMask = 2147483647;
			files = (
			);
			runOnlyForDeploymentPostprocessing = 0;
		};
		9B63F5162174E9B8008863BF /* Frameworks */ = {
			isa = PBXFrameworksBuildPhase;
			buildActionMask = 2147483647;
			files = (
				9B63F51A2174E9B8008863BF /* MobiledocKit.framework in Frameworks */,
			);
			runOnlyForDeploymentPostprocessing = 0;
		};
		9B870C0D2174F1C3006CB244 /* Frameworks */ = {
			isa = PBXFrameworksBuildPhase;
			buildActionMask = 2147483647;
			files = (
			);
			runOnlyForDeploymentPostprocessing = 0;
		};
/* End PBXFrameworksBuildPhase section */

/* Begin PBXGroup section */
		9B63F5062174E9B8008863BF = {
			isa = PBXGroup;
			children = (
				9B63F5122174E9B8008863BF /* MobiledocKit */,
				9B63F51D2174E9B8008863BF /* MobiledocKitTests */,
				9B870C112174F1C3006CB244 /* MobiledocKit Mac */,
				9B63F5112174E9B8008863BF /* Products */,
			);
			sourceTree = "<group>";
		};
		9B63F5112174E9B8008863BF /* Products */ = {
			isa = PBXGroup;
			children = (
				9B63F5102174E9B8008863BF /* MobiledocKit.framework */,
				9B63F5192174E9B8008863BF /* MobiledocKitTests.xctest */,
				9B870C102174F1C3006CB244 /* MobiledocKit.framework */,
			);
			name = Products;
			sourceTree = "<group>";
		};
		9B63F5122174E9B8008863BF /* MobiledocKit */ = {
			isa = PBXGroup;
			children = (
				9B63F5132174E9B8008863BF /* MobiledocKit.h */,
				9B63F5142174E9B8008863BF /* Info.plist */,
				9B63F52A2174E9D6008863BF /* MobileDoc.swift */,
				9B870C092174EF60006CB244 /* MarkdownRenderer.swift */,
			);
			path = MobiledocKit;
			sourceTree = "<group>";
		};
		9B63F51D2174E9B8008863BF /* MobiledocKitTests */ = {
			isa = PBXGroup;
			children = (
				9B893A6B218D92380015735A /* Sample Content */,
				9B63F5202174E9B8008863BF /* Info.plist */,
				9B870C012174EB71006CB244 /* MobileDocTests.swift */,
				9B893A6E218D945B0015735A /* MarkdownRendererTests.swift */,
			);
			path = MobiledocKitTests;
			sourceTree = "<group>";
		};
		9B870C112174F1C3006CB244 /* MobiledocKit Mac */ = {
			isa = PBXGroup;
			children = (
				9B870C122174F1C3006CB244 /* MobiledocKit.h */,
				9B870C132174F1C3006CB244 /* Info.plist */,
			);
			path = "MobiledocKit Mac";
			sourceTree = "<group>";
		};
		9B893A6B218D92380015735A /* Sample Content */ = {
			isa = PBXGroup;
			children = (
				9B411EB621845C630099E245 /* gibberish.json */,
				9B870C032174EBDE006CB244 /* mobiledoccard.json */,
				9B870C072174EBFD006CB244 /* markdowncard.json */,
				9B893A6C218D942E0015735A /* article.md */,
				9B893A70218D9EB40015735A /* article_with_mentions.md */,
				9B80ED8B2258980800C4927A /* terms_of_use.json */,
				9B3D7A052264E0B1003F19A7 /* release_day_mobiledoc.json */,
			);
			path = "Sample Content";
			sourceTree = "<group>";
		};
/* End PBXGroup section */

/* Begin PBXHeadersBuildPhase section */
		9B63F50B2174E9B8008863BF /* Headers */ = {
			isa = PBXHeadersBuildPhase;
			buildActionMask = 2147483647;
			files = (
				9B63F5212174E9B8008863BF /* MobiledocKit.h in Headers */,
			);
			runOnlyForDeploymentPostprocessing = 0;
		};
		9B870C0B2174F1C3006CB244 /* Headers */ = {
			isa = PBXHeadersBuildPhase;
			buildActionMask = 2147483647;
			files = (
				9B870C142174F1C3006CB244 /* MobiledocKit.h in Headers */,
			);
			runOnlyForDeploymentPostprocessing = 0;
		};
/* End PBXHeadersBuildPhase section */

/* Begin PBXNativeTarget section */
		9B63F50F2174E9B8008863BF /* MobiledocKit */ = {
			isa = PBXNativeTarget;
			buildConfigurationList = 9B63F5242174E9B8008863BF /* Build configuration list for PBXNativeTarget "MobiledocKit" */;
			buildPhases = (
				9B63F50B2174E9B8008863BF /* Headers */,
				9B63F50C2174E9B8008863BF /* Sources */,
				9B63F50D2174E9B8008863BF /* Frameworks */,
				9B63F50E2174E9B8008863BF /* Resources */,
			);
			buildRules = (
			);
			dependencies = (
			);
			name = MobiledocKit;
			productName = MobiledocKit;
			productReference = 9B63F5102174E9B8008863BF /* MobiledocKit.framework */;
			productType = "com.apple.product-type.framework";
		};
		9B63F5182174E9B8008863BF /* MobiledocKitTests */ = {
			isa = PBXNativeTarget;
			buildConfigurationList = 9B63F5272174E9B8008863BF /* Build configuration list for PBXNativeTarget "MobiledocKitTests" */;
			buildPhases = (
				9B63F5152174E9B8008863BF /* Sources */,
				9B63F5162174E9B8008863BF /* Frameworks */,
				9B63F5172174E9B8008863BF /* Resources */,
			);
			buildRules = (
			);
			dependencies = (
				9B63F51C2174E9B8008863BF /* PBXTargetDependency */,
			);
			name = MobiledocKitTests;
			productName = MobiledocKitTests;
			productReference = 9B63F5192174E9B8008863BF /* MobiledocKitTests.xctest */;
			productType = "com.apple.product-type.bundle.unit-test";
		};
		9B870C0F2174F1C3006CB244 /* MobiledocKit Mac */ = {
			isa = PBXNativeTarget;
			buildConfigurationList = 9B870C152174F1C3006CB244 /* Build configuration list for PBXNativeTarget "MobiledocKit Mac" */;
			buildPhases = (
				9B870C0B2174F1C3006CB244 /* Headers */,
				9B870C0C2174F1C3006CB244 /* Sources */,
				9B870C0D2174F1C3006CB244 /* Frameworks */,
				9B870C0E2174F1C3006CB244 /* Resources */,
			);
			buildRules = (
			);
			dependencies = (
			);
			name = "MobiledocKit Mac";
			productName = "MobiledocKit Mac";
			productReference = 9B870C102174F1C3006CB244 /* MobiledocKit.framework */;
			productType = "com.apple.product-type.framework";
		};
/* End PBXNativeTarget section */

/* Begin PBXProject section */
		9B63F5072174E9B8008863BF /* Project object */ = {
			isa = PBXProject;
			attributes = {
				LastSwiftUpdateCheck = 1000;
				LastUpgradeCheck = 1010;
				ORGANIZATIONNAME = "Samuel Goodwin";
				TargetAttributes = {
					9B63F50F2174E9B8008863BF = {
						CreatedOnToolsVersion = 10.0;
						LastSwiftMigration = 1000;
					};
					9B63F5182174E9B8008863BF = {
						CreatedOnToolsVersion = 10.0;
					};
					9B870C0F2174F1C3006CB244 = {
						CreatedOnToolsVersion = 10.0;
					};
				};
			};
			buildConfigurationList = 9B63F50A2174E9B8008863BF /* Build configuration list for PBXProject "MobiledocKit" */;
			compatibilityVersion = "Xcode 9.3";
			developmentRegion = en;
			hasScannedForEncodings = 0;
			knownRegions = (
				en,
				Base,
			);
			mainGroup = 9B63F5062174E9B8008863BF;
			productRefGroup = 9B63F5112174E9B8008863BF /* Products */;
			projectDirPath = "";
			projectRoot = "";
			targets = (
				9B63F50F2174E9B8008863BF /* MobiledocKit */,
				9B63F5182174E9B8008863BF /* MobiledocKitTests */,
				9B870C0F2174F1C3006CB244 /* MobiledocKit Mac */,
			);
		};
/* End PBXProject section */

/* Begin PBXResourcesBuildPhase section */
		9B63F50E2174E9B8008863BF /* Resources */ = {
			isa = PBXResourcesBuildPhase;
			buildActionMask = 2147483647;
			files = (
			);
			runOnlyForDeploymentPostprocessing = 0;
		};
		9B63F5172174E9B8008863BF /* Resources */ = {
			isa = PBXResourcesBuildPhase;
			buildActionMask = 2147483647;
			files = (
				9B3D7A062264E0B1003F19A7 /* release_day_mobiledoc.json in Resources */,
				9B870C042174EBDE006CB244 /* mobiledoccard.json in Resources */,
				9B893A6D218D942E0015735A /* article.md in Resources */,
				9B893A71218D9EB40015735A /* article_with_mentions.md in Resources */,
				9B411EB721845C630099E245 /* gibberish.json in Resources */,
				9B80ED8C2258980800C4927A /* terms_of_use.json in Resources */,
				9B870C082174EBFD006CB244 /* markdowncard.json in Resources */,
			);
			runOnlyForDeploymentPostprocessing = 0;
		};
		9B870C0E2174F1C3006CB244 /* Resources */ = {
			isa = PBXResourcesBuildPhase;
			buildActionMask = 2147483647;
			files = (
			);
			runOnlyForDeploymentPostprocessing = 0;
		};
/* End PBXResourcesBuildPhase section */

/* Begin PBXSourcesBuildPhase section */
		9B63F50C2174E9B8008863BF /* Sources */ = {
			isa = PBXSourcesBuildPhase;
			buildActionMask = 2147483647;
			files = (
				9B63F52B2174E9D6008863BF /* MobileDoc.swift in Sources */,
				9B870C0A2174EF60006CB244 /* MarkdownRenderer.swift in Sources */,
			);
			runOnlyForDeploymentPostprocessing = 0;
		};
		9B63F5152174E9B8008863BF /* Sources */ = {
			isa = PBXSourcesBuildPhase;
			buildActionMask = 2147483647;
			files = (
				9B870C022174EB71006CB244 /* MobileDocTests.swift in Sources */,
				9B893A6F218D945B0015735A /* MarkdownRendererTests.swift in Sources */,
			);
			runOnlyForDeploymentPostprocessing = 0;
		};
		9B870C0C2174F1C3006CB244 /* Sources */ = {
			isa = PBXSourcesBuildPhase;
			buildActionMask = 2147483647;
			files = (
				9B870C182174F1D6006CB244 /* MobileDoc.swift in Sources */,
				9B870C192174F1D9006CB244 /* MarkdownRenderer.swift in Sources */,
			);
			runOnlyForDeploymentPostprocessing = 0;
		};
/* End PBXSourcesBuildPhase section */

/* Begin PBXTargetDependency section */
		9B63F51C2174E9B8008863BF /* PBXTargetDependency */ = {
			isa = PBXTargetDependency;
			target = 9B63F50F2174E9B8008863BF /* MobiledocKit */;
			targetProxy = 9B63F51B2174E9B8008863BF /* PBXContainerItemProxy */;
		};
/* End PBXTargetDependency section */

/* Begin XCBuildConfiguration section */
		9B63F5222174E9B8008863BF /* Debug */ = {
			isa = XCBuildConfiguration;
			buildSettings = {
				ALWAYS_SEARCH_USER_PATHS = NO;
				CLANG_ANALYZER_NONNULL = YES;
				CLANG_ANALYZER_NUMBER_OBJECT_CONVERSION = YES_AGGRESSIVE;
				CLANG_CXX_LANGUAGE_STANDARD = "gnu++14";
				CLANG_CXX_LIBRARY = "libc++";
				CLANG_ENABLE_MODULES = YES;
				CLANG_ENABLE_OBJC_ARC = YES;
				CLANG_ENABLE_OBJC_WEAK = YES;
				CLANG_WARN_BLOCK_CAPTURE_AUTORELEASING = YES;
				CLANG_WARN_BOOL_CONVERSION = YES;
				CLANG_WARN_COMMA = YES;
				CLANG_WARN_CONSTANT_CONVERSION = YES;
				CLANG_WARN_DEPRECATED_OBJC_IMPLEMENTATIONS = YES;
				CLANG_WARN_DIRECT_OBJC_ISA_USAGE = YES_ERROR;
				CLANG_WARN_DOCUMENTATION_COMMENTS = YES;
				CLANG_WARN_EMPTY_BODY = YES;
				CLANG_WARN_ENUM_CONVERSION = YES;
				CLANG_WARN_INFINITE_RECURSION = YES;
				CLANG_WARN_INT_CONVERSION = YES;
				CLANG_WARN_NON_LITERAL_NULL_CONVERSION = YES;
				CLANG_WARN_OBJC_IMPLICIT_RETAIN_SELF = YES;
				CLANG_WARN_OBJC_LITERAL_CONVERSION = YES;
				CLANG_WARN_OBJC_ROOT_CLASS = YES_ERROR;
				CLANG_WARN_RANGE_LOOP_ANALYSIS = YES;
				CLANG_WARN_STRICT_PROTOTYPES = YES;
				CLANG_WARN_SUSPICIOUS_MOVE = YES;
				CLANG_WARN_UNGUARDED_AVAILABILITY = YES_AGGRESSIVE;
				CLANG_WARN_UNREACHABLE_CODE = YES;
				CLANG_WARN__DUPLICATE_METHOD_MATCH = YES;
				CODE_SIGN_IDENTITY = "iPhone Developer";
				COPY_PHASE_STRIP = NO;
				CURRENT_PROJECT_VERSION = 1;
				DEBUG_INFORMATION_FORMAT = dwarf;
				ENABLE_STRICT_OBJC_MSGSEND = YES;
				ENABLE_TESTABILITY = YES;
				GCC_C_LANGUAGE_STANDARD = gnu11;
				GCC_DYNAMIC_NO_PIC = NO;
				GCC_NO_COMMON_BLOCKS = YES;
				GCC_OPTIMIZATION_LEVEL = 0;
				GCC_PREPROCESSOR_DEFINITIONS = (
					"DEBUG=1",
					"$(inherited)",
				);
				GCC_WARN_64_TO_32_BIT_CONVERSION = YES;
				GCC_WARN_ABOUT_RETURN_TYPE = YES_ERROR;
				GCC_WARN_UNDECLARED_SELECTOR = YES;
				GCC_WARN_UNINITIALIZED_AUTOS = YES_AGGRESSIVE;
				GCC_WARN_UNUSED_FUNCTION = YES;
				GCC_WARN_UNUSED_VARIABLE = YES;
				IPHONEOS_DEPLOYMENT_TARGET = 12.0;
				MTL_ENABLE_DEBUG_INFO = INCLUDE_SOURCE;
				MTL_FAST_MATH = YES;
				ONLY_ACTIVE_ARCH = YES;
				SDKROOT = iphoneos;
				SWIFT_ACTIVE_COMPILATION_CONDITIONS = DEBUG;
				SWIFT_OPTIMIZATION_LEVEL = "-Onone";
				VERSIONING_SYSTEM = "apple-generic";
				VERSION_INFO_PREFIX = "";
			};
			name = Debug;
		};
		9B63F5232174E9B8008863BF /* Release */ = {
			isa = XCBuildConfiguration;
			buildSettings = {
				ALWAYS_SEARCH_USER_PATHS = NO;
				CLANG_ANALYZER_NONNULL = YES;
				CLANG_ANALYZER_NUMBER_OBJECT_CONVERSION = YES_AGGRESSIVE;
				CLANG_CXX_LANGUAGE_STANDARD = "gnu++14";
				CLANG_CXX_LIBRARY = "libc++";
				CLANG_ENABLE_MODULES = YES;
				CLANG_ENABLE_OBJC_ARC = YES;
				CLANG_ENABLE_OBJC_WEAK = YES;
				CLANG_WARN_BLOCK_CAPTURE_AUTORELEASING = YES;
				CLANG_WARN_BOOL_CONVERSION = YES;
				CLANG_WARN_COMMA = YES;
				CLANG_WARN_CONSTANT_CONVERSION = YES;
				CLANG_WARN_DEPRECATED_OBJC_IMPLEMENTATIONS = YES;
				CLANG_WARN_DIRECT_OBJC_ISA_USAGE = YES_ERROR;
				CLANG_WARN_DOCUMENTATION_COMMENTS = YES;
				CLANG_WARN_EMPTY_BODY = YES;
				CLANG_WARN_ENUM_CONVERSION = YES;
				CLANG_WARN_INFINITE_RECURSION = YES;
				CLANG_WARN_INT_CONVERSION = YES;
				CLANG_WARN_NON_LITERAL_NULL_CONVERSION = YES;
				CLANG_WARN_OBJC_IMPLICIT_RETAIN_SELF = YES;
				CLANG_WARN_OBJC_LITERAL_CONVERSION = YES;
				CLANG_WARN_OBJC_ROOT_CLASS = YES_ERROR;
				CLANG_WARN_RANGE_LOOP_ANALYSIS = YES;
				CLANG_WARN_STRICT_PROTOTYPES = YES;
				CLANG_WARN_SUSPICIOUS_MOVE = YES;
				CLANG_WARN_UNGUARDED_AVAILABILITY = YES_AGGRESSIVE;
				CLANG_WARN_UNREACHABLE_CODE = YES;
				CLANG_WARN__DUPLICATE_METHOD_MATCH = YES;
				CODE_SIGN_IDENTITY = "iPhone Developer";
				COPY_PHASE_STRIP = NO;
				CURRENT_PROJECT_VERSION = 1;
				DEBUG_INFORMATION_FORMAT = "dwarf-with-dsym";
				ENABLE_NS_ASSERTIONS = NO;
				ENABLE_STRICT_OBJC_MSGSEND = YES;
				GCC_C_LANGUAGE_STANDARD = gnu11;
				GCC_NO_COMMON_BLOCKS = YES;
				GCC_WARN_64_TO_32_BIT_CONVERSION = YES;
				GCC_WARN_ABOUT_RETURN_TYPE = YES_ERROR;
				GCC_WARN_UNDECLARED_SELECTOR = YES;
				GCC_WARN_UNINITIALIZED_AUTOS = YES_AGGRESSIVE;
				GCC_WARN_UNUSED_FUNCTION = YES;
				GCC_WARN_UNUSED_VARIABLE = YES;
				IPHONEOS_DEPLOYMENT_TARGET = 12.0;
				MTL_ENABLE_DEBUG_INFO = NO;
				MTL_FAST_MATH = YES;
				SDKROOT = iphoneos;
				SWIFT_COMPILATION_MODE = wholemodule;
				SWIFT_OPTIMIZATION_LEVEL = "-O";
				VALIDATE_PRODUCT = YES;
				VERSIONING_SYSTEM = "apple-generic";
				VERSION_INFO_PREFIX = "";
			};
			name = Release;
		};
		9B63F5252174E9B8008863BF /* Debug */ = {
			isa = XCBuildConfiguration;
			buildSettings = {
				APPLICATION_EXTENSION_API_ONLY = YES;
				CLANG_ENABLE_MODULES = YES;
				CODE_SIGN_IDENTITY = "";
				CODE_SIGN_STYLE = Automatic;
				DEFINES_MODULE = YES;
				DEVELOPMENT_TEAM = SYSB7DM9AH;
				DYLIB_COMPATIBILITY_VERSION = 1;
				DYLIB_CURRENT_VERSION = 1;
				DYLIB_INSTALL_NAME_BASE = "@rpath";
				INFOPLIST_FILE = MobiledocKit/Info.plist;
				INSTALL_PATH = "$(LOCAL_LIBRARY_DIR)/Frameworks";
				LD_RUNPATH_SEARCH_PATHS = (
					"$(inherited)",
					"@executable_path/Frameworks",
					"@loader_path/Frameworks",
				);
				ONLY_ACTIVE_ARCH = NO;
				PRODUCT_BUNDLE_IDENTIFIER = com.roundwallsoftware.MobiledocKit;
				PRODUCT_NAME = "$(TARGET_NAME:c99extidentifier)";
				SKIP_INSTALL = YES;
				SWIFT_OPTIMIZATION_LEVEL = "-Onone";
				SWIFT_VERSION = 5.0;
				TARGETED_DEVICE_FAMILY = "1,2";
			};
			name = Debug;
		};
		9B63F5262174E9B8008863BF /* Release */ = {
			isa = XCBuildConfiguration;
			buildSettings = {
				APPLICATION_EXTENSION_API_ONLY = YES;
				CLANG_ENABLE_MODULES = YES;
				CODE_SIGN_IDENTITY = "";
				CODE_SIGN_STYLE = Automatic;
				DEFINES_MODULE = YES;
				DEVELOPMENT_TEAM = SYSB7DM9AH;
				DYLIB_COMPATIBILITY_VERSION = 1;
				DYLIB_CURRENT_VERSION = 1;
				DYLIB_INSTALL_NAME_BASE = "@rpath";
				INFOPLIST_FILE = MobiledocKit/Info.plist;
				INSTALL_PATH = "$(LOCAL_LIBRARY_DIR)/Frameworks";
				LD_RUNPATH_SEARCH_PATHS = (
					"$(inherited)",
					"@executable_path/Frameworks",
					"@loader_path/Frameworks",
				);
				PRODUCT_BUNDLE_IDENTIFIER = com.roundwallsoftware.MobiledocKit;
				PRODUCT_NAME = "$(TARGET_NAME:c99extidentifier)";
				SKIP_INSTALL = YES;
				SWIFT_VERSION = 5.0;
				TARGETED_DEVICE_FAMILY = "1,2";
			};
			name = Release;
		};
		9B63F5282174E9B8008863BF /* Debug */ = {
			isa = XCBuildConfiguration;
			buildSettings = {
				ALWAYS_EMBED_SWIFT_STANDARD_LIBRARIES = YES;
				CODE_SIGN_STYLE = Automatic;
				DEVELOPMENT_TEAM = SYSB7DM9AH;
				INFOPLIST_FILE = MobiledocKitTests/Info.plist;
				LD_RUNPATH_SEARCH_PATHS = (
					"$(inherited)",
					"@executable_path/Frameworks",
					"@loader_path/Frameworks",
				);
				PRODUCT_BUNDLE_IDENTIFIER = com.roundwallsoftware.MobiledocKitTests;
				PRODUCT_NAME = "$(TARGET_NAME)";
				SWIFT_VERSION = 5.0;
				TARGETED_DEVICE_FAMILY = "1,2";
			};
			name = Debug;
		};
		9B63F5292174E9B8008863BF /* Release */ = {
			isa = XCBuildConfiguration;
			buildSettings = {
				ALWAYS_EMBED_SWIFT_STANDARD_LIBRARIES = YES;
				CODE_SIGN_STYLE = Automatic;
				DEVELOPMENT_TEAM = SYSB7DM9AH;
				INFOPLIST_FILE = MobiledocKitTests/Info.plist;
				LD_RUNPATH_SEARCH_PATHS = (
					"$(inherited)",
					"@executable_path/Frameworks",
					"@loader_path/Frameworks",
				);
				PRODUCT_BUNDLE_IDENTIFIER = com.roundwallsoftware.MobiledocKitTests;
				PRODUCT_NAME = "$(TARGET_NAME)";
				SWIFT_VERSION = 5.0;
				TARGETED_DEVICE_FAMILY = "1,2";
			};
			name = Release;
		};
		9B870C162174F1C3006CB244 /* Debug */ = {
			isa = XCBuildConfiguration;
			buildSettings = {
				APPLICATION_EXTENSION_API_ONLY = YES;
				CODE_SIGN_IDENTITY = "";
				CODE_SIGN_STYLE = Automatic;
				COMBINE_HIDPI_IMAGES = YES;
				DEFINES_MODULE = YES;
				DEVELOPMENT_TEAM = SYSB7DM9AH;
				DYLIB_COMPATIBILITY_VERSION = 1;
				DYLIB_CURRENT_VERSION = 1;
				DYLIB_INSTALL_NAME_BASE = "@rpath";
				FRAMEWORK_VERSION = A;
				INFOPLIST_FILE = "MobiledocKit Mac/Info.plist";
				INSTALL_PATH = "$(LOCAL_LIBRARY_DIR)/Frameworks";
				LD_RUNPATH_SEARCH_PATHS = (
					"$(inherited)",
					"@executable_path/../Frameworks",
					"@loader_path/Frameworks",
				);
				MACOSX_DEPLOYMENT_TARGET = 10.14;
				PRODUCT_BUNDLE_IDENTIFIER = "com.roundwallsoftware.MobiledocKit-Mac";
				PRODUCT_NAME = MobiledocKit;
				SDKROOT = macosx;
				SKIP_INSTALL = YES;
				SWIFT_VERSION = 5.0;
			};
			name = Debug;
		};
		9B870C172174F1C3006CB244 /* Release */ = {
			isa = XCBuildConfiguration;
			buildSettings = {
				APPLICATION_EXTENSION_API_ONLY = YES;
				CODE_SIGN_IDENTITY = "";
				CODE_SIGN_STYLE = Automatic;
				COMBINE_HIDPI_IMAGES = YES;
				DEFINES_MODULE = YES;
				DEVELOPMENT_TEAM = SYSB7DM9AH;
				DYLIB_COMPATIBILITY_VERSION = 1;
				DYLIB_CURRENT_VERSION = 1;
				DYLIB_INSTALL_NAME_BASE = "@rpath";
				FRAMEWORK_VERSION = A;
				INFOPLIST_FILE = "MobiledocKit Mac/Info.plist";
				INSTALL_PATH = "$(LOCAL_LIBRARY_DIR)/Frameworks";
				LD_RUNPATH_SEARCH_PATHS = (
					"$(inherited)",
					"@executable_path/../Frameworks",
					"@loader_path/Frameworks",
				);
				MACOSX_DEPLOYMENT_TARGET = 10.14;
				PRODUCT_BUNDLE_IDENTIFIER = "com.roundwallsoftware.MobiledocKit-Mac";
				PRODUCT_NAME = MobiledocKit;
				SDKROOT = macosx;
				SKIP_INSTALL = YES;
				SWIFT_VERSION = 5.0;
			};
			name = Release;
		};
/* End XCBuildConfiguration section */

/* Begin XCConfigurationList section */
		9B63F50A2174E9B8008863BF /* Build configuration list for PBXProject "MobiledocKit" */ = {
			isa = XCConfigurationList;
			buildConfigurations = (
				9B63F5222174E9B8008863BF /* Debug */,
				9B63F5232174E9B8008863BF /* Release */,
			);
			defaultConfigurationIsVisible = 0;
			defaultConfigurationName = Release;
		};
		9B63F5242174E9B8008863BF /* Build configuration list for PBXNativeTarget "MobiledocKit" */ = {
			isa = XCConfigurationList;
			buildConfigurations = (
				9B63F5252174E9B8008863BF /* Debug */,
				9B63F5262174E9B8008863BF /* Release */,
			);
			defaultConfigurationIsVisible = 0;
			defaultConfigurationName = Release;
		};
		9B63F5272174E9B8008863BF /* Build configuration list for PBXNativeTarget "MobiledocKitTests" */ = {
			isa = XCConfigurationList;
			buildConfigurations = (
				9B63F5282174E9B8008863BF /* Debug */,
				9B63F5292174E9B8008863BF /* Release */,
			);
			defaultConfigurationIsVisible = 0;
			defaultConfigurationName = Release;
		};
		9B870C152174F1C3006CB244 /* Build configuration list for PBXNativeTarget "MobiledocKit Mac" */ = {
			isa = XCConfigurationList;
			buildConfigurations = (
				9B870C162174F1C3006CB244 /* Debug */,
				9B870C172174F1C3006CB244 /* Release */,
			);
			defaultConfigurationIsVisible = 0;
			defaultConfigurationName = Release;
		};
/* End XCConfigurationList section */
	};
	rootObject = 9B63F5072174E9B8008863BF /* Project object */;
}
